
Microsoft Visual Studio Solution File, Format Version 12.00
# Visual Studio 15
VisualStudioVersion = 15.0.27703.2042
MinimumVisualStudioVersion = 10.0.40219.1
Project("{FAE04EC0-301F-11D3-BF4B-00C04F79EFBC}") = "prueba", "prueba\prueba.csproj", "{CA695A07-C247-4B66-8E0D-9DD242BEE8EC}"
EndProject
Global
	GlobalSection(SolutionConfigurationPlatforms) = preSolution
		Debug|Any CPU = Debug|Any CPU
		Release|Any CPU = Release|Any CPU
	EndGlobalSection
	GlobalSection(ProjectConfigurationPlatforms) = postSolution
		{CA695A07-C247-4B66-8E0D-9DD242BEE8EC}.Debug|Any CPU.ActiveCfg = Debug|Any CPU
		{CA695A07-C247-4B66-8E0D-9DD242BEE8EC}.Debug|Any CPU.Build.0 = Debug|Any CPU
		{CA695A07-C247-4B66-8E0D-9DD242BEE8EC}.Debug|Any CPU.Deploy.0 = Debug|Any CPU
		{CA695A07-C247-4B66-8E0D-9DD242BEE8EC}.Release|Any CPU.ActiveCfg = Release|Any CPU
		{CA695A07-C247-4B66-8E0D-9DD242BEE8EC}.Release|Any CPU.Build.0 = Release|Any CPU
		{CA695A07-C247-4B66-8E0D-9DD242BEE8EC}.Release|Any CPU.Deploy.0 = Release|Any CPU
	EndGlobalSection
	GlobalSection(SolutionProperties) = preSolution
		HideSolutionNode = FALSE
	EndGlobalSection
	GlobalSection(ExtensibilityGlobals) = postSolution
		SolutionGuid = {78BAB097-8DDD-465F-96FC-D2022930BA67}
	EndGlobalSection
EndGlobal
